
Microsoft Visual Studio Solution File, Format Version 12.00
# Visual Studio Version 17
VisualStudioVersion = 17.11.35327.3
MinimumVisualStudioVersion = 10.0.40219.1
Project("{FAE04EC0-301F-11D3-BF4B-00C04F79EFBC}") = "System for notebook management", "System for notebook management\System for notebook management.csproj", "{BFDB0E2E-1077-44D9-8BEA-C3C518E625FD}"
EndProject
Global
	GlobalSection(SolutionConfigurationPlatforms) = preSolution
		Debug|Any CPU = Debug|Any CPU
		Release|Any CPU = Release|Any CPU
	EndGlobalSection
	GlobalSection(ProjectConfigurationPlatforms) = postSolution
		{BFDB0E2E-1077-44D9-8BEA-C3C518E625FD}.Debug|Any CPU.ActiveCfg = Debug|Any CPU
		{BFDB0E2E-1077-44D9-8BEA-C3C518E625FD}.Debug|Any CPU.Build.0 = Debug|Any CPU
		{BFDB0E2E-1077-44D9-8BEA-C3C518E625FD}.Release|Any CPU.ActiveCfg = Release|Any CPU
		{BFDB0E2E-1077-44D9-8BEA-C3C518E625FD}.Release|Any CPU.Build.0 = Release|Any CPU
	EndGlobalSection
	GlobalSection(SolutionProperties) = preSolution
		HideSolutionNode = FALSE
	EndGlobalSection
	GlobalSection(ExtensibilityGlobals) = postSolution
		SolutionGuid = {A4E6296A-E40B-445D-96DC-7C7C9BD14C31}
	EndGlobalSection
EndGlobal
